<?xml version="1.0" encoding="utf-8"?>
<Project ToolsVersion="4.0" xmlns="http://schemas.microsoft.com/developer/msbuild/2003">
  <ItemGroup>
    <Filter Include="Resource Files">
      <UniqueIdentifier>{67DA6AB6-F800-4c08-8B7A-83BB121AAD01}</UniqueIdentifier>
      <Extensions>rc;ico;cur;bmp;dlg;rc2;rct;bin;rgs;gif;jpg;jpeg;jpe;resx;tiff;tif;png;wav;mfcribbon-ms</Extensions>
    </Filter>
    <Filter Include="src">
      <UniqueIdentifier>{4bf6f64e-f7e7-4fcb-b620-ae53a87639b6}</UniqueIdentifier>
    </Filter>
    <Filter Include="src\entities">
      <UniqueIdentifier>{b1839e1e-2077-49e8-b56d-81002c74c596}</UniqueIdentifier>
    </Filter>
    <Filter Include="src\entities\session">
      <UniqueIdentifier>{2c95ce09-3ed1-406f-bd59-735ac51164ac}</UniqueIdentifier>
    </Filter>
    <Filter Include="src\util">
      <UniqueIdentifier>{5441a36a-0f33-4b3a-a9db-6cb9c5c30437}</UniqueIdentifier>
    </Filter>
    <Filter Include="src\data">
      <UniqueIdentifier>{0238e22b-ae28-483f-a832-d0d199f148b9}</UniqueIdentifier>
    </Filter>
    <Filter Include="src\data\session">
      <UniqueIdentifier>{70594f1b-d1be-4e48-b80d-e394237bbd22}</UniqueIdentifier>
    </Filter>
    <Filter Include="src\data\group">
      <UniqueIdentifier>{18c84257-93a5-4098-8471-d8c5e5e712a9}</UniqueIdentifier>
    </Filter>
    <Filter Include="src\services">
      <UniqueIdentifier>{dae2c214-6b7a-4abe-9e67-5dcc4aa081a4}</UniqueIdentifier>
    </Filter>
    <Filter Include="src\services\sessions_services">
      <UniqueIdentifier>{e6757b69-de64-4504-9843-b9b586772190}</UniqueIdentifier>
    </Filter>
    <Filter Include="src\services\groups_services">
      <UniqueIdentifier>{c1361fb9-30b5-424f-816d-c71e7928958a}</UniqueIdentifier>
    </Filter>
    <Filter Include="src\services\messenger_service">
      <UniqueIdentifier>{83c73402-acd3-4618-ada5-8d84fa345559}</UniqueIdentifier>
    </Filter>
    <Filter Include="src\entities\message">
      <UniqueIdentifier>{511528e5-8713-4ff1-8b41-2ba4d637a251}</UniqueIdentifier>
    </Filter>
    <Filter Include="src\entities\request">
      <UniqueIdentifier>{fd7b0f22-3866-4cd0-85f0-d09ac37921d5}</UniqueIdentifier>
    </Filter>
    <Filter Include="src\util\libs">
      <UniqueIdentifier>{46a0d3d9-e9b8-49e4-b692-b657e2aac8e3}</UniqueIdentifier>
    </Filter>
    <Filter Include="src\util\enums">
      <UniqueIdentifier>{2cd35992-a3e2-43c8-9f23-9ed999ff058d}</UniqueIdentifier>
    </Filter>
    <Filter Include="src\services\router">
      <UniqueIdentifier>{fa5a1115-ecb2-44d5-8ba6-175559605f5d}</UniqueIdentifier>
    </Filter>
    <Filter Include="src\entities\request\base">
      <UniqueIdentifier>{0d46d28a-6f15-4dee-8825-f54c5e44c158}</UniqueIdentifier>
    </Filter>
    <Filter Include="src\entities\response">
      <UniqueIdentifier>{b6a6a45d-9a44-46a1-a610-0bc6ee393e26}</UniqueIdentifier>
    </Filter>
    <Filter Include="src\services\parser">
      <UniqueIdentifier>{5a0afb64-1789-48fc-a0f6-c17ce41c7dbd}</UniqueIdentifier>
    </Filter>
    <Filter Include="src\services\tcp_server">
      <UniqueIdentifier>{16cf391f-5dd5-4355-9bc7-6968841b8f84}</UniqueIdentifier>
    </Filter>
    <Filter Include="src\entities\session\model">
      <UniqueIdentifier>{97ab2706-7c2e-4b67-9835-87f2eacac1be}</UniqueIdentifier>
    </Filter>
    <Filter Include="src\entities\session\network_session">
      <UniqueIdentifier>{10419511-a406-4a3a-a974-02dc9089a4bc}</UniqueIdentifier>
    </Filter>
    <Filter Include="src\services\network_layer">
      <UniqueIdentifier>{268f323c-880a-485a-a4ce-da08af097a7c}</UniqueIdentifier>
    </Filter>
    <Filter Include="src\services\router\router_manager">
      <UniqueIdentifier>{330d8120-b998-4121-9e43-0419d317a558}</UniqueIdentifier>
    </Filter>
    <Filter Include="src\services\router\router">
      <UniqueIdentifier>{053024e3-b716-48b4-99fa-675f623d9247}</UniqueIdentifier>
    </Filter>
  </ItemGroup>
  <ItemGroup>
    <ClCompile Include="messenger_service.h">
      <Filter>src\services\messenger_service</Filter>
    </ClCompile>
    <ClCompile Include="parser.cpp">
      <Filter>src\services\parser</Filter>
    </ClCompile>
    <ClCompile Include="nsession.cpp">
      <Filter>src\entities\session\network_session</Filter>
    </ClCompile>
    <ClCompile Include="session.cpp">
      <Filter>src\entities\session\model</Filter>
    </ClCompile>
    <ClCompile Include="mainServer.cpp">
      <Filter>src</Filter>
    </ClCompile>
    <ClCompile Include="router.cpp">
      <Filter>src\services\router\router</Filter>
    </ClCompile>
    <ClCompile Include="router_manager.cpp">
      <Filter>src\services\router\router_manager</Filter>
    </ClCompile>
    <ClCompile Include="network_layer.cpp">
      <Filter>src\services\network_layer</Filter>
    </ClCompile>
    <ClCompile Include="tcp_server.cpp">
      <Filter>src\services\tcp_server</Filter>
    </ClCompile>
  </ItemGroup>
  <ItemGroup>
    <ClInclude Include="DEF_CORE.h">
      <Filter>src</Filter>
    </ClInclude>
    <ClInclude Include="message.h">
      <Filter>src\entities\message</Filter>
    </ClInclude>
    <ClInclude Include="ISession_repo.h">
      <Filter>src\data\session</Filter>
    </ClInclude>
    <ClInclude Include="session_repo.h">
      <Filter>src\data\session</Filter>
    </ClInclude>
    <ClInclude Include="IGroup_repo.h">
      <Filter>src\data\group</Filter>
    </ClInclude>
    <ClInclude Include="group_repo.h">
      <Filter>src\data\group</Filter>
    </ClInclude>
    <ClInclude Include="ISession_service.h">
      <Filter>src\services\sessions_services</Filter>
    </ClInclude>
    <ClInclude Include="session_service.h">
      <Filter>src\services\sessions_services</Filter>
    </ClInclude>
    <ClInclude Include="IGroup_service.h">
      <Filter>src\services\groups_services</Filter>
    </ClInclude>
    <ClInclude Include="IMessenger_service.h">
      <Filter>src\services\messenger_service</Filter>
    </ClInclude>
    <ClInclude Include="BIT.h">
      <Filter>src\util\libs</Filter>
    </ClInclude>
    <ClInclude Include="enums.h">
      <Filter>src\util\enums</Filter>
    </ClInclude>
    <ClInclude Include="request.h">
      <Filter>src\entities\request\base</Filter>
    </ClInclude>
    <ClInclude Include="add_session_request.h">
      <Filter>src\entities\request</Filter>
    </ClInclude>
    <ClInclude Include="response.h">
      <Filter>src\entities\response</Filter>
    </ClInclude>
    <ClInclude Include="send_message_request.h">
      <Filter>src\entities\request</Filter>
    </ClInclude>
    <ClInclude Include="parser.h">
      <Filter>src\services\parser</Filter>
    </ClInclude>
    <ClInclude Include="tcp_server.h">
      <Filter>src\services\tcp_server</Filter>
    </ClInclude>
    <ClInclude Include="nsession.h">
      <Filter>src\entities\session\network_session</Filter>
    </ClInclude>
    <ClInclude Include="session.h">
      <Filter>src\entities\session\model</Filter>
    </ClInclude>
    <ClInclude Include="network_layer.h">
      <Filter>src\services\network_layer</Filter>
    </ClInclude>
    <ClInclude Include="router.h">
      <Filter>src\services\router\router</Filter>
    </ClInclude>
    <ClInclude Include="router_manager.h">
      <Filter>src\services\router\router_manager</Filter>
    </ClInclude>
    <ClInclude Include="group_service.h">
      <Filter>src\services\groups_services</Filter>
    </ClInclude>
  </ItemGroup>
  <ItemGroup>
    <Text Include="Design.txt" />
  </ItemGroup>
</Project>